
Microsoft Visual Studio Solution File, Format Version 12.00
# Visual Studio Version 17
VisualStudioVersion = 17.11.35222.181
MinimumVisualStudioVersion = 10.0.40219.1
Project("{9A19103F-16F7-4668-BE54-9A1E7A4F7556}") = "API", "API\API.csproj", "{22394F83-773C-4CAD-9778-E689ACC65A00}"
EndProject
Project("{9A19103F-16F7-4668-BE54-9A1E7A4F7556}") = "Domain", "Domain\Domain.csproj", "{4B71BD57-6DC9-48BC-9F82-E7CEE02296E4}"
EndProject
Project("{9A19103F-16F7-4668-BE54-9A1E7A4F7556}") = "Infrastructure", "Infrastructure\Infrastructure.csproj", "{913BFE56-7166-4453-A566-3A9D642F51D2}"
EndProject
Project("{9A19103F-16F7-4668-BE54-9A1E7A4F7556}") = "Application", "Application\Application.csproj", "{324132C1-30A9-44D1-902F-09679F3C7988}"
EndProject
Project("{9A19103F-16F7-4668-BE54-9A1E7A4F7556}") = "Application.Test", "Application.Test\Application.Test.csproj", "{A5C0DD4D-7473-4743-A4B0-AA647D89A8E3}"
EndProject
Project("{2150E333-8FDC-42A3-9474-1A3956D46DE8}") = "Itens de Solução", "Itens de Solução", "{C55AF628-D5D2-4C16-978A-35ED5F7F4802}"
	ProjectSection(SolutionItems) = preProject
		tests.runsettings = tests.runsettings
	EndProjectSection
EndProject
Project("{2150E333-8FDC-42A3-9474-1A3956D46DE8}") = "Contatos", "Contatos", "{09B21C8A-21BA-4D9D-821E-693E6BF17B31}"
EndProject
Project("{2150E333-8FDC-42A3-9474-1A3956D46DE8}") = "Area", "Area", "{C835D26D-CE45-4428-B6E2-C3D3965AFCA5}"
EndProject
Project("{2150E333-8FDC-42A3-9474-1A3956D46DE8}") = "Auth", "Auth", "{78118114-7308-4505-BF3C-19C19827C9CD}"
EndProject
Project("{FAE04EC0-301F-11D3-BF4B-00C04F79EFBC}") = "Area.Api", "Area.Api\Area.Api.csproj", "{F72D6D32-00E2-4346-BAAD-AF170F844091}"
EndProject
Project("{FAE04EC0-301F-11D3-BF4B-00C04F79EFBC}") = "Area.Application", "Area.Application\Area.Application.csproj", "{82FBD3D5-6B5B-4B47-AAA5-6CFF920BAC37}"
EndProject
Project("{FAE04EC0-301F-11D3-BF4B-00C04F79EFBC}") = "Area.Domain", "Area.Domain\Area.Domain.csproj", "{A244D895-8EE1-40F5-B217-EE13F55BF7B6}"
	ProjectSection(ProjectDependencies) = postProject
		{4B71BD57-6DC9-48BC-9F82-E7CEE02296E4} = {4B71BD57-6DC9-48BC-9F82-E7CEE02296E4}
	EndProjectSection
EndProject
Project("{FAE04EC0-301F-11D3-BF4B-00C04F79EFBC}") = "Area.Infrastructure", "Area.Infrastructure\Area.Infrastructure.csproj", "{638FE5ED-A612-4459-A5F7-80F1BC35A771}"
EndProject
Project("{FAE04EC0-301F-11D3-BF4B-00C04F79EFBC}") = "Auth.Api", "Auth.Api\Auth.Api.csproj", "{86BC29B9-B8CF-4C57-BF79-98FF9499F023}"
EndProject
Project("{FAE04EC0-301F-11D3-BF4B-00C04F79EFBC}") = "Auth.Application", "Auth.Application\Auth.Application.csproj", "{75BBB8BA-8DEB-47E4-8E01-3977115ED930}"
EndProject
Project("{FAE04EC0-301F-11D3-BF4B-00C04F79EFBC}") = "Auth.Domain", "Auth.Domain\Auth.Domain.csproj", "{75517320-CD1D-4FCF-8971-57FE29EB574E}"
EndProject
Project("{FAE04EC0-301F-11D3-BF4B-00C04F79EFBC}") = "Auth.Infrastructure", "Auth.Infrastructure\Auth.Infrastructure.csproj", "{37F0A82D-E5D0-494D-A685-949BB0A94666}"
EndProject
Project("{FAE04EC0-301F-11D3-BF4B-00C04F79EFBC}") = "Contato.Api", "Contato.Api\Contato.Api.csproj", "{C220A846-8117-4CF9-9D0B-82FDB9A5A249}"
EndProject
Project("{FAE04EC0-301F-11D3-BF4B-00C04F79EFBC}") = "Contato.Domain", "Contato.Domain\Contato.Domain.csproj", "{FD429B2B-6BB1-4B14-B1C0-0F677A253C30}"
EndProject
Project("{FAE04EC0-301F-11D3-BF4B-00C04F79EFBC}") = "Contato.Application", "Contato.Application\Contato.Application.csproj", "{57F10F09-A12F-4CE5-B665-FBAD17758897}"
EndProject
Project("{FAE04EC0-301F-11D3-BF4B-00C04F79EFBC}") = "Contato.Infrastructure", "Contato.Infrastructure\Contato.Infrastructure.csproj", "{0599CEB3-5059-49D4-8CBC-8BE74A758E37}"
EndProject
Global
	GlobalSection(SolutionConfigurationPlatforms) = preSolution
		Debug|Any CPU = Debug|Any CPU
		Release|Any CPU = Release|Any CPU
	EndGlobalSection
	GlobalSection(ProjectConfigurationPlatforms) = postSolution
		{22394F83-773C-4CAD-9778-E689ACC65A00}.Debug|Any CPU.ActiveCfg = Debug|Any CPU
		{22394F83-773C-4CAD-9778-E689ACC65A00}.Debug|Any CPU.Build.0 = Debug|Any CPU
		{22394F83-773C-4CAD-9778-E689ACC65A00}.Release|Any CPU.ActiveCfg = Release|Any CPU
		{22394F83-773C-4CAD-9778-E689ACC65A00}.Release|Any CPU.Build.0 = Release|Any CPU
		{4B71BD57-6DC9-48BC-9F82-E7CEE02296E4}.Debug|Any CPU.ActiveCfg = Debug|Any CPU
		{4B71BD57-6DC9-48BC-9F82-E7CEE02296E4}.Debug|Any CPU.Build.0 = Debug|Any CPU
		{4B71BD57-6DC9-48BC-9F82-E7CEE02296E4}.Release|Any CPU.ActiveCfg = Release|Any CPU
		{4B71BD57-6DC9-48BC-9F82-E7CEE02296E4}.Release|Any CPU.Build.0 = Release|Any CPU
		{913BFE56-7166-4453-A566-3A9D642F51D2}.Debug|Any CPU.ActiveCfg = Debug|Any CPU
		{913BFE56-7166-4453-A566-3A9D642F51D2}.Debug|Any CPU.Build.0 = Debug|Any CPU
		{913BFE56-7166-4453-A566-3A9D642F51D2}.Release|Any CPU.ActiveCfg = Release|Any CPU
		{913BFE56-7166-4453-A566-3A9D642F51D2}.Release|Any CPU.Build.0 = Release|Any CPU
		{324132C1-30A9-44D1-902F-09679F3C7988}.Debug|Any CPU.ActiveCfg = Debug|Any CPU
		{324132C1-30A9-44D1-902F-09679F3C7988}.Debug|Any CPU.Build.0 = Debug|Any CPU
		{324132C1-30A9-44D1-902F-09679F3C7988}.Release|Any CPU.ActiveCfg = Release|Any CPU
		{324132C1-30A9-44D1-902F-09679F3C7988}.Release|Any CPU.Build.0 = Release|Any CPU
		{A5C0DD4D-7473-4743-A4B0-AA647D89A8E3}.Debug|Any CPU.ActiveCfg = Debug|Any CPU
		{A5C0DD4D-7473-4743-A4B0-AA647D89A8E3}.Debug|Any CPU.Build.0 = Debug|Any CPU
		{A5C0DD4D-7473-4743-A4B0-AA647D89A8E3}.Release|Any CPU.ActiveCfg = Release|Any CPU
		{A5C0DD4D-7473-4743-A4B0-AA647D89A8E3}.Release|Any CPU.Build.0 = Release|Any CPU
		{F72D6D32-00E2-4346-BAAD-AF170F844091}.Debug|Any CPU.ActiveCfg = Debug|Any CPU
		{F72D6D32-00E2-4346-BAAD-AF170F844091}.Debug|Any CPU.Build.0 = Debug|Any CPU
		{F72D6D32-00E2-4346-BAAD-AF170F844091}.Release|Any CPU.ActiveCfg = Release|Any CPU
		{F72D6D32-00E2-4346-BAAD-AF170F844091}.Release|Any CPU.Build.0 = Release|Any CPU
		{82FBD3D5-6B5B-4B47-AAA5-6CFF920BAC37}.Debug|Any CPU.ActiveCfg = Debug|Any CPU
		{82FBD3D5-6B5B-4B47-AAA5-6CFF920BAC37}.Debug|Any CPU.Build.0 = Debug|Any CPU
		{82FBD3D5-6B5B-4B47-AAA5-6CFF920BAC37}.Release|Any CPU.ActiveCfg = Release|Any CPU
		{82FBD3D5-6B5B-4B47-AAA5-6CFF920BAC37}.Release|Any CPU.Build.0 = Release|Any CPU
		{A244D895-8EE1-40F5-B217-EE13F55BF7B6}.Debug|Any CPU.ActiveCfg = Debug|Any CPU
		{A244D895-8EE1-40F5-B217-EE13F55BF7B6}.Debug|Any CPU.Build.0 = Debug|Any CPU
		{A244D895-8EE1-40F5-B217-EE13F55BF7B6}.Release|Any CPU.ActiveCfg = Release|Any CPU
		{A244D895-8EE1-40F5-B217-EE13F55BF7B6}.Release|Any CPU.Build.0 = Release|Any CPU
		{638FE5ED-A612-4459-A5F7-80F1BC35A771}.Debug|Any CPU.ActiveCfg = Debug|Any CPU
		{638FE5ED-A612-4459-A5F7-80F1BC35A771}.Debug|Any CPU.Build.0 = Debug|Any CPU
		{638FE5ED-A612-4459-A5F7-80F1BC35A771}.Release|Any CPU.ActiveCfg = Release|Any CPU
		{638FE5ED-A612-4459-A5F7-80F1BC35A771}.Release|Any CPU.Build.0 = Release|Any CPU
		{86BC29B9-B8CF-4C57-BF79-98FF9499F023}.Debug|Any CPU.ActiveCfg = Debug|Any CPU
		{86BC29B9-B8CF-4C57-BF79-98FF9499F023}.Debug|Any CPU.Build.0 = Debug|Any CPU
		{86BC29B9-B8CF-4C57-BF79-98FF9499F023}.Release|Any CPU.ActiveCfg = Release|Any CPU
		{86BC29B9-B8CF-4C57-BF79-98FF9499F023}.Release|Any CPU.Build.0 = Release|Any CPU
		{75BBB8BA-8DEB-47E4-8E01-3977115ED930}.Debug|Any CPU.ActiveCfg = Debug|Any CPU
		{75BBB8BA-8DEB-47E4-8E01-3977115ED930}.Debug|Any CPU.Build.0 = Debug|Any CPU
		{75BBB8BA-8DEB-47E4-8E01-3977115ED930}.Release|Any CPU.ActiveCfg = Release|Any CPU
		{75BBB8BA-8DEB-47E4-8E01-3977115ED930}.Release|Any CPU.Build.0 = Release|Any CPU
		{75517320-CD1D-4FCF-8971-57FE29EB574E}.Debug|Any CPU.ActiveCfg = Debug|Any CPU
		{75517320-CD1D-4FCF-8971-57FE29EB574E}.Debug|Any CPU.Build.0 = Debug|Any CPU
		{75517320-CD1D-4FCF-8971-57FE29EB574E}.Release|Any CPU.ActiveCfg = Release|Any CPU
		{75517320-CD1D-4FCF-8971-57FE29EB574E}.Release|Any CPU.Build.0 = Release|Any CPU
		{37F0A82D-E5D0-494D-A685-949BB0A94666}.Debug|Any CPU.ActiveCfg = Debug|Any CPU
		{37F0A82D-E5D0-494D-A685-949BB0A94666}.Debug|Any CPU.Build.0 = Debug|Any CPU
		{37F0A82D-E5D0-494D-A685-949BB0A94666}.Release|Any CPU.ActiveCfg = Release|Any CPU
		{37F0A82D-E5D0-494D-A685-949BB0A94666}.Release|Any CPU.Build.0 = Release|Any CPU
		{C220A846-8117-4CF9-9D0B-82FDB9A5A249}.Debug|Any CPU.ActiveCfg = Debug|Any CPU
		{C220A846-8117-4CF9-9D0B-82FDB9A5A249}.Debug|Any CPU.Build.0 = Debug|Any CPU
		{C220A846-8117-4CF9-9D0B-82FDB9A5A249}.Release|Any CPU.ActiveCfg = Release|Any CPU
		{C220A846-8117-4CF9-9D0B-82FDB9A5A249}.Release|Any CPU.Build.0 = Release|Any CPU
		{FD429B2B-6BB1-4B14-B1C0-0F677A253C30}.Debug|Any CPU.ActiveCfg = Debug|Any CPU
		{FD429B2B-6BB1-4B14-B1C0-0F677A253C30}.Debug|Any CPU.Build.0 = Debug|Any CPU
		{FD429B2B-6BB1-4B14-B1C0-0F677A253C30}.Release|Any CPU.ActiveCfg = Release|Any CPU
		{FD429B2B-6BB1-4B14-B1C0-0F677A253C30}.Release|Any CPU.Build.0 = Release|Any CPU
		{57F10F09-A12F-4CE5-B665-FBAD17758897}.Debug|Any CPU.ActiveCfg = Debug|Any CPU
		{57F10F09-A12F-4CE5-B665-FBAD17758897}.Debug|Any CPU.Build.0 = Debug|Any CPU
		{57F10F09-A12F-4CE5-B665-FBAD17758897}.Release|Any CPU.ActiveCfg = Release|Any CPU
		{57F10F09-A12F-4CE5-B665-FBAD17758897}.Release|Any CPU.Build.0 = Release|Any CPU
		{0599CEB3-5059-49D4-8CBC-8BE74A758E37}.Debug|Any CPU.ActiveCfg = Debug|Any CPU
		{0599CEB3-5059-49D4-8CBC-8BE74A758E37}.Debug|Any CPU.Build.0 = Debug|Any CPU
		{0599CEB3-5059-49D4-8CBC-8BE74A758E37}.Release|Any CPU.ActiveCfg = Release|Any CPU
		{0599CEB3-5059-49D4-8CBC-8BE74A758E37}.Release|Any CPU.Build.0 = Release|Any CPU
	EndGlobalSection
	GlobalSection(SolutionProperties) = preSolution
		HideSolutionNode = FALSE
	EndGlobalSection
	GlobalSection(NestedProjects) = preSolution
		{F72D6D32-00E2-4346-BAAD-AF170F844091} = {C835D26D-CE45-4428-B6E2-C3D3965AFCA5}
		{82FBD3D5-6B5B-4B47-AAA5-6CFF920BAC37} = {C835D26D-CE45-4428-B6E2-C3D3965AFCA5}
		{A244D895-8EE1-40F5-B217-EE13F55BF7B6} = {C835D26D-CE45-4428-B6E2-C3D3965AFCA5}
		{638FE5ED-A612-4459-A5F7-80F1BC35A771} = {C835D26D-CE45-4428-B6E2-C3D3965AFCA5}
		{86BC29B9-B8CF-4C57-BF79-98FF9499F023} = {78118114-7308-4505-BF3C-19C19827C9CD}
		{75BBB8BA-8DEB-47E4-8E01-3977115ED930} = {78118114-7308-4505-BF3C-19C19827C9CD}
		{75517320-CD1D-4FCF-8971-57FE29EB574E} = {78118114-7308-4505-BF3C-19C19827C9CD}
		{37F0A82D-E5D0-494D-A685-949BB0A94666} = {78118114-7308-4505-BF3C-19C19827C9CD}
		{C220A846-8117-4CF9-9D0B-82FDB9A5A249} = {09B21C8A-21BA-4D9D-821E-693E6BF17B31}
		{FD429B2B-6BB1-4B14-B1C0-0F677A253C30} = {09B21C8A-21BA-4D9D-821E-693E6BF17B31}
		{57F10F09-A12F-4CE5-B665-FBAD17758897} = {09B21C8A-21BA-4D9D-821E-693E6BF17B31}
		{0599CEB3-5059-49D4-8CBC-8BE74A758E37} = {09B21C8A-21BA-4D9D-821E-693E6BF17B31}
	EndGlobalSection
	GlobalSection(ExtensibilityGlobals) = postSolution
		SolutionGuid = {0B4C14EE-EDDD-46E0-9A11-F087436C536B}
	EndGlobalSection
EndGlobal
